
Microsoft Visual Studio Solution File, Format Version 12.00
# Visual Studio Version 17
VisualStudioVersion = 17.13.35825.156 d17.13
MinimumVisualStudioVersion = 10.0.40219.1
Project("{FAE04EC0-301F-11D3-BF4B-00C04F79EFBC}") = "Market Programı", "Market Programı\Market Programı.csproj", "{BE3B819C-FD47-4A60-A2D2-3BF3187CF5CE}"
EndProject
Global
	GlobalSection(SolutionConfigurationPlatforms) = preSolution
		Debug|Any CPU = Debug|Any CPU
		Release|Any CPU = Release|Any CPU
	EndGlobalSection
	GlobalSection(ProjectConfigurationPlatforms) = postSolution
		{BE3B819C-FD47-4A60-A2D2-3BF3187CF5CE}.Debug|Any CPU.ActiveCfg = Debug|Any CPU
		{BE3B819C-FD47-4A60-A2D2-3BF3187CF5CE}.Debug|Any CPU.Build.0 = Debug|Any CPU
		{BE3B819C-FD47-4A60-A2D2-3BF3187CF5CE}.Release|Any CPU.ActiveCfg = Release|Any CPU
		{BE3B819C-FD47-4A60-A2D2-3BF3187CF5CE}.Release|Any CPU.Build.0 = Release|Any CPU
	EndGlobalSection
	GlobalSection(SolutionProperties) = preSolution
		HideSolutionNode = FALSE
	EndGlobalSection
	GlobalSection(ExtensibilityGlobals) = postSolution
		SolutionGuid = {1C3C32E7-5FA5-4B49-A8B4-55AB08B5FC70}
	EndGlobalSection
EndGlobal
